
Microsoft Visual Studio Solution File, Format Version 12.00
# Visual Studio 15
VisualStudioVersion = 15.0.33026.149
MinimumVisualStudioVersion = 10.0.40219.1
Project("{FAE04EC0-301F-11D3-BF4B-00C04F79EFBC}") = "User_Basic.Android", "User_Basic\User_Basic.Android\User_Basic.Android.csproj", "{FB84E395-CA99-42F7-803C-9F180DA7BB9B}"
EndProject
Project("{FAE04EC0-301F-11D3-BF4B-00C04F79EFBC}") = "User_Basic.iOS", "User_Basic\User_Basic.iOS\User_Basic.iOS.csproj", "{63193B0D-94D8-4180-BC2C-F56BB9587E64}"
EndProject
Project("{D954291E-2A0B-460D-934E-DC6B0785DB48}") = "User_Basic", "User_Basic\User_Basic\User_Basic.shproj", "{2E1046C3-3EAE-4D4E-B31A-A23A194C57F1}"
EndProject
Global
	GlobalSection(SharedMSBuildProjectFiles) = preSolution
		User_Basic\User_Basic\User_Basic.projitems*{2e1046c3-3eae-4d4e-b31a-a23a194c57f1}*SharedItemsImports = 13
		User_Basic\User_Basic\User_Basic.projitems*{63193b0d-94d8-4180-bc2c-f56bb9587e64}*SharedItemsImports = 4
		User_Basic\User_Basic\User_Basic.projitems*{fb84e395-ca99-42f7-803c-9f180da7bb9b}*SharedItemsImports = 4
	EndGlobalSection
	GlobalSection(SolutionConfigurationPlatforms) = preSolution
		Ad-Hoc|Any CPU = Ad-Hoc|Any CPU
		Ad-Hoc|iPhone = Ad-Hoc|iPhone
		Ad-Hoc|iPhoneSimulator = Ad-Hoc|iPhoneSimulator
		AppStore|Any CPU = AppStore|Any CPU
		AppStore|iPhone = AppStore|iPhone
		AppStore|iPhoneSimulator = AppStore|iPhoneSimulator
		Debug|Any CPU = Debug|Any CPU
		Debug|iPhone = Debug|iPhone
		Debug|iPhoneSimulator = Debug|iPhoneSimulator
		Release|Any CPU = Release|Any CPU
		Release|iPhone = Release|iPhone
		Release|iPhoneSimulator = Release|iPhoneSimulator
	EndGlobalSection
	GlobalSection(ProjectConfigurationPlatforms) = postSolution
		{FB84E395-CA99-42F7-803C-9F180DA7BB9B}.Ad-Hoc|Any CPU.ActiveCfg = Release|Any CPU
		{FB84E395-CA99-42F7-803C-9F180DA7BB9B}.Ad-Hoc|Any CPU.Build.0 = Release|Any CPU
		{FB84E395-CA99-42F7-803C-9F180DA7BB9B}.Ad-Hoc|Any CPU.Deploy.0 = Release|Any CPU
		{FB84E395-CA99-42F7-803C-9F180DA7BB9B}.Ad-Hoc|iPhone.ActiveCfg = Release|Any CPU
		{FB84E395-CA99-42F7-803C-9F180DA7BB9B}.Ad-Hoc|iPhone.Build.0 = Release|Any CPU
		{FB84E395-CA99-42F7-803C-9F180DA7BB9B}.Ad-Hoc|iPhone.Deploy.0 = Release|Any CPU
		{FB84E395-CA99-42F7-803C-9F180DA7BB9B}.Ad-Hoc|iPhoneSimulator.ActiveCfg = Release|Any CPU
		{FB84E395-CA99-42F7-803C-9F180DA7BB9B}.Ad-Hoc|iPhoneSimulator.Build.0 = Release|Any CPU
		{FB84E395-CA99-42F7-803C-9F180DA7BB9B}.Ad-Hoc|iPhoneSimulator.Deploy.0 = Release|Any CPU
		{FB84E395-CA99-42F7-803C-9F180DA7BB9B}.AppStore|Any CPU.ActiveCfg = Release|Any CPU
		{FB84E395-CA99-42F7-803C-9F180DA7BB9B}.AppStore|Any CPU.Build.0 = Release|Any CPU
		{FB84E395-CA99-42F7-803C-9F180DA7BB9B}.AppStore|Any CPU.Deploy.0 = Release|Any CPU
		{FB84E395-CA99-42F7-803C-9F180DA7BB9B}.AppStore|iPhone.ActiveCfg = Release|Any CPU
		{FB84E395-CA99-42F7-803C-9F180DA7BB9B}.AppStore|iPhone.Build.0 = Release|Any CPU
		{FB84E395-CA99-42F7-803C-9F180DA7BB9B}.AppStore|iPhone.Deploy.0 = Release|Any CPU
		{FB84E395-CA99-42F7-803C-9F180DA7BB9B}.AppStore|iPhoneSimulator.ActiveCfg = Release|Any CPU
		{FB84E395-CA99-42F7-803C-9F180DA7BB9B}.AppStore|iPhoneSimulator.Build.0 = Release|Any CPU
		{FB84E395-CA99-42F7-803C-9F180DA7BB9B}.AppStore|iPhoneSimulator.Deploy.0 = Release|Any CPU
		{FB84E395-CA99-42F7-803C-9F180DA7BB9B}.Debug|Any CPU.ActiveCfg = Debug|Any CPU
		{FB84E395-CA99-42F7-803C-9F180DA7BB9B}.Debug|Any CPU.Build.0 = Debug|Any CPU
		{FB84E395-CA99-42F7-803C-9F180DA7BB9B}.Debug|Any CPU.Deploy.0 = Debug|Any CPU
		{FB84E395-CA99-42F7-803C-9F180DA7BB9B}.Debug|iPhone.ActiveCfg = Debug|Any CPU
		{FB84E395-CA99-42F7-803C-9F180DA7BB9B}.Debug|iPhone.Build.0 = Debug|Any CPU
		{FB84E395-CA99-42F7-803C-9F180DA7BB9B}.Debug|iPhone.Deploy.0 = Debug|Any CPU
		{FB84E395-CA99-42F7-803C-9F180DA7BB9B}.Debug|iPhoneSimulator.ActiveCfg = Debug|Any CPU
		{FB84E395-CA99-42F7-803C-9F180DA7BB9B}.Debug|iPhoneSimulator.Build.0 = Debug|Any CPU
		{FB84E395-CA99-42F7-803C-9F180DA7BB9B}.Debug|iPhoneSimulator.Deploy.0 = Debug|Any CPU
		{FB84E395-CA99-42F7-803C-9F180DA7BB9B}.Release|Any CPU.ActiveCfg = Release|Any CPU
		{FB84E395-CA99-42F7-803C-9F180DA7BB9B}.Release|Any CPU.Build.0 = Release|Any CPU
		{FB84E395-CA99-42F7-803C-9F180DA7BB9B}.Release|Any CPU.Deploy.0 = Release|Any CPU
		{FB84E395-CA99-42F7-803C-9F180DA7BB9B}.Release|iPhone.ActiveCfg = Release|Any CPU
		{FB84E395-CA99-42F7-803C-9F180DA7BB9B}.Release|iPhone.Build.0 = Release|Any CPU
		{FB84E395-CA99-42F7-803C-9F180DA7BB9B}.Release|iPhone.Deploy.0 = Release|Any CPU
		{FB84E395-CA99-42F7-803C-9F180DA7BB9B}.Release|iPhoneSimulator.ActiveCfg = Release|Any CPU
		{FB84E395-CA99-42F7-803C-9F180DA7BB9B}.Release|iPhoneSimulator.Build.0 = Release|Any CPU
		{FB84E395-CA99-42F7-803C-9F180DA7BB9B}.Release|iPhoneSimulator.Deploy.0 = Release|Any CPU
		{63193B0D-94D8-4180-BC2C-F56BB9587E64}.Ad-Hoc|Any CPU.ActiveCfg = Ad-Hoc|iPhone
		{63193B0D-94D8-4180-BC2C-F56BB9587E64}.Ad-Hoc|Any CPU.Build.0 = Ad-Hoc|iPhone
		{63193B0D-94D8-4180-BC2C-F56BB9587E64}.Ad-Hoc|Any CPU.Deploy.0 = Ad-Hoc|iPhone
		{63193B0D-94D8-4180-BC2C-F56BB9587E64}.Ad-Hoc|iPhone.ActiveCfg = Ad-Hoc|iPhone
		{63193B0D-94D8-4180-BC2C-F56BB9587E64}.Ad-Hoc|iPhone.Build.0 = Ad-Hoc|iPhone
		{63193B0D-94D8-4180-BC2C-F56BB9587E64}.Ad-Hoc|iPhone.Deploy.0 = Ad-Hoc|iPhone
		{63193B0D-94D8-4180-BC2C-F56BB9587E64}.Ad-Hoc|iPhoneSimulator.ActiveCfg = Ad-Hoc|iPhoneSimulator
		{63193B0D-94D8-4180-BC2C-F56BB9587E64}.Ad-Hoc|iPhoneSimulator.Build.0 = Ad-Hoc|iPhoneSimulator
		{63193B0D-94D8-4180-BC2C-F56BB9587E64}.Ad-Hoc|iPhoneSimulator.Deploy.0 = Ad-Hoc|iPhoneSimulator
		{63193B0D-94D8-4180-BC2C-F56BB9587E64}.AppStore|Any CPU.ActiveCfg = AppStore|iPhone
		{63193B0D-94D8-4180-BC2C-F56BB9587E64}.AppStore|Any CPU.Build.0 = AppStore|iPhone
		{63193B0D-94D8-4180-BC2C-F56BB9587E64}.AppStore|Any CPU.Deploy.0 = AppStore|iPhone
		{63193B0D-94D8-4180-BC2C-F56BB9587E64}.AppStore|iPhone.ActiveCfg = AppStore|iPhone
		{63193B0D-94D8-4180-BC2C-F56BB9587E64}.AppStore|iPhone.Build.0 = AppStore|iPhone
		{63193B0D-94D8-4180-BC2C-F56BB9587E64}.AppStore|iPhone.Deploy.0 = AppStore|iPhone
		{63193B0D-94D8-4180-BC2C-F56BB9587E64}.AppStore|iPhoneSimulator.ActiveCfg = AppStore|iPhoneSimulator
		{63193B0D-94D8-4180-BC2C-F56BB9587E64}.AppStore|iPhoneSimulator.Build.0 = AppStore|iPhoneSimulator
		{63193B0D-94D8-4180-BC2C-F56BB9587E64}.AppStore|iPhoneSimulator.Deploy.0 = AppStore|iPhoneSimulator
		{63193B0D-94D8-4180-BC2C-F56BB9587E64}.Debug|Any CPU.ActiveCfg = Debug|iPhoneSimulator
		{63193B0D-94D8-4180-BC2C-F56BB9587E64}.Debug|Any CPU.Build.0 = Debug|iPhoneSimulator
		{63193B0D-94D8-4180-BC2C-F56BB9587E64}.Debug|Any CPU.Deploy.0 = Debug|iPhoneSimulator
		{63193B0D-94D8-4180-BC2C-F56BB9587E64}.Debug|iPhone.ActiveCfg = Debug|iPhone
		{63193B0D-94D8-4180-BC2C-F56BB9587E64}.Debug|iPhone.Build.0 = Debug|iPhone
		{63193B0D-94D8-4180-BC2C-F56BB9587E64}.Debug|iPhone.Deploy.0 = Debug|iPhone
		{63193B0D-94D8-4180-BC2C-F56BB9587E64}.Debug|iPhoneSimulator.ActiveCfg = Debug|iPhoneSimulator
		{63193B0D-94D8-4180-BC2C-F56BB9587E64}.Debug|iPhoneSimulator.Build.0 = Debug|iPhoneSimulator
		{63193B0D-94D8-4180-BC2C-F56BB9587E64}.Debug|iPhoneSimulator.Deploy.0 = Debug|iPhoneSimulator
		{63193B0D-94D8-4180-BC2C-F56BB9587E64}.Release|Any CPU.ActiveCfg = Release|iPhone
		{63193B0D-94D8-4180-BC2C-F56BB9587E64}.Release|Any CPU.Build.0 = Release|iPhone
		{63193B0D-94D8-4180-BC2C-F56BB9587E64}.Release|Any CPU.Deploy.0 = Release|iPhone
		{63193B0D-94D8-4180-BC2C-F56BB9587E64}.Release|iPhone.ActiveCfg = Release|iPhone
		{63193B0D-94D8-4180-BC2C-F56BB9587E64}.Release|iPhone.Build.0 = Release|iPhone
		{63193B0D-94D8-4180-BC2C-F56BB9587E64}.Release|iPhone.Deploy.0 = Release|iPhone
		{63193B0D-94D8-4180-BC2C-F56BB9587E64}.Release|iPhoneSimulator.ActiveCfg = Release|iPhoneSimulator
		{63193B0D-94D8-4180-BC2C-F56BB9587E64}.Release|iPhoneSimulator.Build.0 = Release|iPhoneSimulator
		{63193B0D-94D8-4180-BC2C-F56BB9587E64}.Release|iPhoneSimulator.Deploy.0 = Release|iPhoneSimulator
	EndGlobalSection
	GlobalSection(SolutionProperties) = preSolution
		HideSolutionNode = FALSE
	EndGlobalSection
	GlobalSection(ExtensibilityGlobals) = postSolution
		SolutionGuid = {05482267-9B19-428B-867B-94E07AE07E56}
	EndGlobalSection
EndGlobal
